
Microsoft Visual Studio Solution File, Format Version 12.00
# Visual Studio Version 17
VisualStudioVersion = 17.4.33213.308
MinimumVisualStudioVersion = 10.0.40219.1
Project("{FAE04EC0-301F-11D3-BF4B-00C04F79EFBC}") = "ruoka annos gnéneraattiori", "ruoka annos gnéneraattiori\ruoka annos gnéneraattiori.csproj", "{6CF7C9D7-AC5C-4948-8B01-BE20114D2536}"
EndProject
Global
	GlobalSection(SolutionConfigurationPlatforms) = preSolution
		Debug|Any CPU = Debug|Any CPU
		Release|Any CPU = Release|Any CPU
	EndGlobalSection
	GlobalSection(ProjectConfigurationPlatforms) = postSolution
		{6CF7C9D7-AC5C-4948-8B01-BE20114D2536}.Debug|Any CPU.ActiveCfg = Debug|Any CPU
		{6CF7C9D7-AC5C-4948-8B01-BE20114D2536}.Debug|Any CPU.Build.0 = Debug|Any CPU
		{6CF7C9D7-AC5C-4948-8B01-BE20114D2536}.Release|Any CPU.ActiveCfg = Release|Any CPU
		{6CF7C9D7-AC5C-4948-8B01-BE20114D2536}.Release|Any CPU.Build.0 = Release|Any CPU
	EndGlobalSection
	GlobalSection(SolutionProperties) = preSolution
		HideSolutionNode = FALSE
	EndGlobalSection
	GlobalSection(ExtensibilityGlobals) = postSolution
		SolutionGuid = {B619E46C-6AFB-4E84-9831-ABFFE195343C}
	EndGlobalSection
EndGlobal
