
Microsoft Visual Studio Solution File, Format Version 12.00
# Visual Studio Version 17
VisualStudioVersion = 17.4.33213.308
MinimumVisualStudioVersion = 10.0.40219.1
Project("{FAE04EC0-301F-11D3-BF4B-00C04F79EFBC}") = "robotti", "robotti\robotti.csproj", "{C5119F94-A3EE-40C2-91D2-1D782B9ED102}"
EndProject
Global
	GlobalSection(SolutionConfigurationPlatforms) = preSolution
		Debug|Any CPU = Debug|Any CPU
		Release|Any CPU = Release|Any CPU
	EndGlobalSection
	GlobalSection(ProjectConfigurationPlatforms) = postSolution
		{C5119F94-A3EE-40C2-91D2-1D782B9ED102}.Debug|Any CPU.ActiveCfg = Debug|Any CPU
		{C5119F94-A3EE-40C2-91D2-1D782B9ED102}.Debug|Any CPU.Build.0 = Debug|Any CPU
		{C5119F94-A3EE-40C2-91D2-1D782B9ED102}.Release|Any CPU.ActiveCfg = Release|Any CPU
		{C5119F94-A3EE-40C2-91D2-1D782B9ED102}.Release|Any CPU.Build.0 = Release|Any CPU
	EndGlobalSection
	GlobalSection(SolutionProperties) = preSolution
		HideSolutionNode = FALSE
	EndGlobalSection
	GlobalSection(ExtensibilityGlobals) = postSolution
		SolutionGuid = {A1B4E21D-97A0-4829-A80F-436C2E121033}
	EndGlobalSection
EndGlobal
