
Microsoft Visual Studio Solution File, Format Version 12.00
# Visual Studio Version 17
VisualStudioVersion = 17.4.33213.308
MinimumVisualStudioVersion = 10.0.40219.1
Project("{FAE04EC0-301F-11D3-BF4B-00C04F79EFBC}") = "taistelupeli harjoitus eiluokkia", "taistelupeli harjoitus eiluokkia\taistelupeli harjoitus eiluokkia.csproj", "{A143FC21-D10F-4636-8355-D53EBC8673F7}"
EndProject
Global
	GlobalSection(SolutionConfigurationPlatforms) = preSolution
		Debug|Any CPU = Debug|Any CPU
		Release|Any CPU = Release|Any CPU
	EndGlobalSection
	GlobalSection(ProjectConfigurationPlatforms) = postSolution
		{A143FC21-D10F-4636-8355-D53EBC8673F7}.Debug|Any CPU.ActiveCfg = Debug|Any CPU
		{A143FC21-D10F-4636-8355-D53EBC8673F7}.Debug|Any CPU.Build.0 = Debug|Any CPU
		{A143FC21-D10F-4636-8355-D53EBC8673F7}.Release|Any CPU.ActiveCfg = Release|Any CPU
		{A143FC21-D10F-4636-8355-D53EBC8673F7}.Release|Any CPU.Build.0 = Release|Any CPU
	EndGlobalSection
	GlobalSection(SolutionProperties) = preSolution
		HideSolutionNode = FALSE
	EndGlobalSection
	GlobalSection(ExtensibilityGlobals) = postSolution
		SolutionGuid = {9D6FE410-1E24-4201-8D70-144298CF42AC}
	EndGlobalSection
EndGlobal
