
Microsoft Visual Studio Solution File, Format Version 12.00
# Visual Studio Version 17
VisualStudioVersion = 17.4.33213.308
MinimumVisualStudioVersion = 10.0.40219.1
Project("{FAE04EC0-301F-11D3-BF4B-00C04F79EFBC}") = "seikkailijanreppu", "seikkailijanreppu\seikkailijanreppu.csproj", "{5F0FEDD7-B054-4BFE-A760-555A6483EBA3}"
EndProject
Global
	GlobalSection(SolutionConfigurationPlatforms) = preSolution
		Debug|Any CPU = Debug|Any CPU
		Release|Any CPU = Release|Any CPU
	EndGlobalSection
	GlobalSection(ProjectConfigurationPlatforms) = postSolution
		{5F0FEDD7-B054-4BFE-A760-555A6483EBA3}.Debug|Any CPU.ActiveCfg = Debug|Any CPU
		{5F0FEDD7-B054-4BFE-A760-555A6483EBA3}.Debug|Any CPU.Build.0 = Debug|Any CPU
		{5F0FEDD7-B054-4BFE-A760-555A6483EBA3}.Release|Any CPU.ActiveCfg = Release|Any CPU
		{5F0FEDD7-B054-4BFE-A760-555A6483EBA3}.Release|Any CPU.Build.0 = Release|Any CPU
	EndGlobalSection
	GlobalSection(SolutionProperties) = preSolution
		HideSolutionNode = FALSE
	EndGlobalSection
	GlobalSection(ExtensibilityGlobals) = postSolution
		SolutionGuid = {FFD9394E-86B5-45E1-B686-B93F0FA3CCF0}
	EndGlobalSection
EndGlobal
